// !$*UTF8*$!
{
	archiveVersion = 1;
	classes = {
	};
	objectVersion = 46;
	objects = {

/* Begin PBXBuildFile section */
		D272D5821E8B649C00FD46BB /* AppDelegate.swift in Sources */ = {isa = PBXBuildFile; fileRef = D272D5811E8B649C00FD46BB /* AppDelegate.swift */; };
		D272D5841E8B649C00FD46BB /* ViewController.swift in Sources */ = {isa = PBXBuildFile; fileRef = D272D5831E8B649C00FD46BB /* ViewController.swift */; };
		D272D5871E8B649C00FD46BB /* Main.storyboard in Resources */ = {isa = PBXBuildFile; fileRef = D272D5851E8B649C00FD46BB /* Main.storyboard */; };
		D272D5891E8B649C00FD46BB /* Assets.xcassets in Resources */ = {isa = PBXBuildFile; fileRef = D272D5881E8B649C00FD46BB /* Assets.xcassets */; };
		D272D58C1E8B649C00FD46BB /* LaunchScreen.storyboard in Resources */ = {isa = PBXBuildFile; fileRef = D272D58A1E8B649C00FD46BB /* LaunchScreen.storyboard */; };
		D272D5971E8B649D00FD46BB /* Puppy_LoveTests.swift in Sources */ = {isa = PBXBuildFile; fileRef = D272D5961E8B649D00FD46BB /* Puppy_LoveTests.swift */; };
		D272D5A21E8B649D00FD46BB /* Puppy_LoveUITests.swift in Sources */ = {isa = PBXBuildFile; fileRef = D272D5A11E8B649D00FD46BB /* Puppy_LoveUITests.swift */; };
/* End PBXBuildFile section */

/* Begin PBXContainerItemProxy section */
		D272D5931E8B649D00FD46BB /* PBXContainerItemProxy */ = {
			isa = PBXContainerItemProxy;
			containerPortal = D272D5761E8B649900FD46BB /* Project object */;
			proxyType = 1;
			remoteGlobalIDString = D272D57D1E8B649A00FD46BB;
			remoteInfo = "Puppy Love";
		};
		D272D59E1E8B649D00FD46BB /* PBXContainerItemProxy */ = {
			isa = PBXContainerItemProxy;
			containerPortal = D272D5761E8B649900FD46BB /* Project object */;
			proxyType = 1;
			remoteGlobalIDString = D272D57D1E8B649A00FD46BB;
			remoteInfo = "Puppy Love";
		};
/* End PBXContainerItemProxy section */

/* Begin PBXFileReference section */
		D272D57E1E8B649C00FD46BB /* Puppy Love.app */ = {isa = PBXFileReference; explicitFileType = wrapper.application; includeInIndex = 0; path = "Puppy Love.app"; sourceTree = BUILT_PRODUCTS_DIR; };
		D272D5811E8B649C00FD46BB /* AppDelegate.swift */ = {isa = PBXFileReference; lastKnownFileType = sourcecode.swift; path = AppDelegate.swift; sourceTree = "<group>"; };
		D272D5831E8B649C00FD46BB /* ViewController.swift */ = {isa = PBXFileReference; lastKnownFileType = sourcecode.swift; path = ViewController.swift; sourceTree = "<group>"; };
		D272D5861E8B649C00FD46BB /* Base */ = {isa = PBXFileReference; lastKnownFileType = file.storyboard; name = Base; path = Base.lproj/Main.storyboard; sourceTree = "<group>"; };
		D272D5881E8B649C00FD46BB /* Assets.xcassets */ = {isa = PBXFileReference; lastKnownFileType = folder.assetcatalog; path = Assets.xcassets; sourceTree = "<group>"; };
		D272D58B1E8B649C00FD46BB /* Base */ = {isa = PBXFileReference; lastKnownFileType = file.storyboard; name = Base; path = Base.lproj/LaunchScreen.storyboard; sourceTree = "<group>"; };
		D272D58D1E8B649C00FD46BB /* Info.plist */ = {isa = PBXFileReference; lastKnownFileType = text.plist.xml; path = Info.plist; sourceTree = "<group>"; };
		D272D5921E8B649D00FD46BB /* Puppy LoveTests.xctest */ = {isa = PBXFileReference; explicitFileType = wrapper.cfbundle; includeInIndex = 0; path = "Puppy LoveTests.xctest"; sourceTree = BUILT_PRODUCTS_DIR; };
		D272D5961E8B649D00FD46BB /* Puppy_LoveTests.swift */ = {isa = PBXFileReference; lastKnownFileType = sourcecode.swift; path = Puppy_LoveTests.swift; sourceTree = "<group>"; };
		D272D5981E8B649D00FD46BB /* Info.plist */ = {isa = PBXFileReference; lastKnownFileType = text.plist.xml; path = Info.plist; sourceTree = "<group>"; };
		D272D59D1E8B649D00FD46BB /* Puppy LoveUITests.xctest */ = {isa = PBXFileReference; explicitFileType = wrapper.cfbundle; includeInIndex = 0; path = "Puppy LoveUITests.xctest"; sourceTree = BUILT_PRODUCTS_DIR; };
		D272D5A11E8B649D00FD46BB /* Puppy_LoveUITests.swift */ = {isa = PBXFileReference; lastKnownFileType = sourcecode.swift; path = Puppy_LoveUITests.swift; sourceTree = "<group>"; };
		D272D5A31E8B649D00FD46BB /* Info.plist */ = {isa = PBXFileReference; lastKnownFileType = text.plist.xml; path = Info.plist; sourceTree = "<group>"; };
/* End PBXFileReference section */

/* Begin PBXFrameworksBuildPhase section */
		D272D57B1E8B649A00FD46BB /* Frameworks */ = {
			isa = PBXFrameworksBuildPhase;
			buildActionMask = 2147483647;
			files = (
			);
			runOnlyForDeploymentPostprocessing = 0;
		};
		D272D58F1E8B649D00FD46BB /* Frameworks */ = {
			isa = PBXFrameworksBuildPhase;
			buildActionMask = 2147483647;
			files = (
			);
			runOnlyForDeploymentPostprocessing = 0;
		};
		D272D59A1E8B649D00FD46BB /* Frameworks */ = {
			isa = PBXFrameworksBuildPhase;
			buildActionMask = 2147483647;
			files = (
			);
			runOnlyForDeploymentPostprocessing = 0;
		};
/* End PBXFrameworksBuildPhase section */

/* Begin PBXGroup section */
		D272D5751E8B649900FD46BB = {
			isa = PBXGroup;
			children = (
				D272D5801E8B649C00FD46BB /* Puppy Love */,
				D272D5951E8B649D00FD46BB /* Puppy LoveTests */,
				D272D5A01E8B649D00FD46BB /* Puppy LoveUITests */,
				D272D57F1E8B649C00FD46BB /* Products */,
			);
			sourceTree = "<group>";
		};
		D272D57F1E8B649C00FD46BB /* Products */ = {
			isa = PBXGroup;
			children = (
				D272D57E1E8B649C00FD46BB /* Puppy Love.app */,
				D272D5921E8B649D00FD46BB /* Puppy LoveTests.xctest */,
				D272D59D1E8B649D00FD46BB /* Puppy LoveUITests.xctest */,
			);
			name = Products;
			sourceTree = "<group>";
		};
		D272D5801E8B649C00FD46BB /* Puppy Love */ = {
			isa = PBXGroup;
			children = (
				D272D5811E8B649C00FD46BB /* AppDelegate.swift */,
				D272D5831E8B649C00FD46BB /* ViewController.swift */,
				D272D5851E8B649C00FD46BB /* Main.storyboard */,
				D272D5881E8B649C00FD46BB /* Assets.xcassets */,
				D272D58A1E8B649C00FD46BB /* LaunchScreen.storyboard */,
				D272D58D1E8B649C00FD46BB /* Info.plist */,
			);
			path = "Puppy Love";
			sourceTree = "<group>";
		};
		D272D5951E8B649D00FD46BB /* Puppy LoveTests */ = {
			isa = PBXGroup;
			children = (
				D272D5961E8B649D00FD46BB /* Puppy_LoveTests.swift */,
				D272D5981E8B649D00FD46BB /* Info.plist */,
			);
			path = "Puppy LoveTests";
			sourceTree = "<group>";
		};
		D272D5A01E8B649D00FD46BB /* Puppy LoveUITests */ = {
			isa = PBXGroup;
			children = (
				D272D5A11E8B649D00FD46BB /* Puppy_LoveUITests.swift */,
				D272D5A31E8B649D00FD46BB /* Info.plist */,
			);
			path = "Puppy LoveUITests";
			sourceTree = "<group>";
		};
/* End PBXGroup section */

/* Begin PBXNativeTarget section */
		D272D57D1E8B649A00FD46BB /* Puppy Love */ = {
			isa = PBXNativeTarget;
			buildConfigurationList = D272D5A61E8B649D00FD46BB /* Build configuration list for PBXNativeTarget "Puppy Love" */;
			buildPhases = (
				D272D57A1E8B649A00FD46BB /* Sources */,
				D272D57B1E8B649A00FD46BB /* Frameworks */,
				D272D57C1E8B649A00FD46BB /* Resources */,
			);
			buildRules = (
			);
			dependencies = (
			);
			name = "Puppy Love";
			productName = "Puppy Love";
			productReference = D272D57E1E8B649C00FD46BB /* Puppy Love.app */;
			productType = "com.apple.product-type.application";
		};
		D272D5911E8B649D00FD46BB /* Puppy LoveTests */ = {
			isa = PBXNativeTarget;
			buildConfigurationList = D272D5A91E8B649D00FD46BB /* Build configuration list for PBXNativeTarget "Puppy LoveTests" */;
			buildPhases = (
				D272D58E1E8B649D00FD46BB /* Sources */,
				D272D58F1E8B649D00FD46BB /* Frameworks */,
				D272D5901E8B649D00FD46BB /* Resources */,
			);
			buildRules = (
			);
			dependencies = (
				D272D5941E8B649D00FD46BB /* PBXTargetDependency */,
			);
			name = "Puppy LoveTests";
			productName = "Puppy LoveTests";
			productReference = D272D5921E8B649D00FD46BB /* Puppy LoveTests.xctest */;
			productType = "com.apple.product-type.bundle.unit-test";
		};
		D272D59C1E8B649D00FD46BB /* Puppy LoveUITests */ = {
			isa = PBXNativeTarget;
			buildConfigurationList = D272D5AC1E8B649D00FD46BB /* Build configuration list for PBXNativeTarget "Puppy LoveUITests" */;
			buildPhases = (
				D272D5991E8B649D00FD46BB /* Sources */,
				D272D59A1E8B649D00FD46BB /* Frameworks */,
				D272D59B1E8B649D00FD46BB /* Resources */,
			);
			buildRules = (
			);
			dependencies = (
				D272D59F1E8B649D00FD46BB /* PBXTargetDependency */,
			);
			name = "Puppy LoveUITests";
			productName = "Puppy LoveUITests";
			productReference = D272D59D1E8B649D00FD46BB /* Puppy LoveUITests.xctest */;
			productType = "com.apple.product-type.bundle.ui-testing";
		};
/* End PBXNativeTarget section */

/* Begin PBXProject section */
		D272D5761E8B649900FD46BB /* Project object */ = {
			isa = PBXProject;
			attributes = {
				LastSwiftUpdateCheck = 0820;
				LastUpgradeCheck = 0820;
				ORGANIZATIONNAME = "Scott McMurray";
				TargetAttributes = {
					D272D57D1E8B649A00FD46BB = {
						CreatedOnToolsVersion = 8.2.1;
						DevelopmentTeam = 3M534ADJEY;
						ProvisioningStyle = Automatic;
					};
					D272D5911E8B649D00FD46BB = {
						CreatedOnToolsVersion = 8.2.1;
						ProvisioningStyle = Automatic;
						TestTargetID = D272D57D1E8B649A00FD46BB;
					};
					D272D59C1E8B649D00FD46BB = {
						CreatedOnToolsVersion = 8.2.1;
						ProvisioningStyle = Automatic;
						TestTargetID = D272D57D1E8B649A00FD46BB;
					};
				};
			};
			buildConfigurationList = D272D5791E8B649900FD46BB /* Build configuration list for PBXProject "Puppy Love" */;
			compatibilityVersion = "Xcode 3.2";
			developmentRegion = English;
			hasScannedForEncodings = 0;
			knownRegions = (
				en,
				Base,
			);
			mainGroup = D272D5751E8B649900FD46BB;
			productRefGroup = D272D57F1E8B649C00FD46BB /* Products */;
			projectDirPath = "";
			projectRoot = "";
			targets = (
				D272D57D1E8B649A00FD46BB /* Puppy Love */,
				D272D5911E8B649D00FD46BB /* Puppy LoveTests */,
				D272D59C1E8B649D00FD46BB /* Puppy LoveUITests */,
			);
		};
/* End PBXProject section */

/* Begin PBXResourcesBuildPhase section */
		D272D57C1E8B649A00FD46BB /* Resources */ = {
			isa = PBXResourcesBuildPhase;
			buildActionMask = 2147483647;
			files = (
				D272D58C1E8B649C00FD46BB /* LaunchScreen.storyboard in Resources */,
				D272D5891E8B649C00FD46BB /* Assets.xcassets in Resources */,
				D272D5871E8B649C00FD46BB /* Main.storyboard in Resources */,
			);
			runOnlyForDeploymentPostprocessing = 0;
		};
		D272D5901E8B649D00FD46BB /* Resources */ = {
			isa = PBXResourcesBuildPhase;
			buildActionMask = 2147483647;
			files = (
			);
			runOnlyForDeploymentPostprocessing = 0;
		};
		D272D59B1E8B649D00FD46BB /* Resources */ = {
			isa = PBXResourcesBuildPhase;
			buildActionMask = 2147483647;
			files = (
			);
			runOnlyForDeploymentPostprocessing = 0;
		};
/* End PBXResourcesBuildPhase section */

/* Begin PBXSourcesBuildPhase section */
		D272D57A1E8B649A00FD46BB /* Sources */ = {
			isa = PBXSourcesBuildPhase;
			buildActionMask = 2147483647;
			files = (
				D272D5841E8B649C00FD46BB /* ViewController.swift in Sources */,
				D272D5821E8B649C00FD46BB /* AppDelegate.swift in Sources */,
			);
			runOnlyForDeploymentPostprocessing = 0;
		};
		D272D58E1E8B649D00FD46BB /* Sources */ = {
			isa = PBXSourcesBuildPhase;
			buildActionMask = 2147483647;
			files = (
				D272D5971E8B649D00FD46BB /* Puppy_LoveTests.swift in Sources */,
			);
			runOnlyForDeploymentPostprocessing = 0;
		};
		D272D5991E8B649D00FD46BB /* Sources */ = {
			isa = PBXSourcesBuildPhase;
			buildActionMask = 2147483647;
			files = (
				D272D5A21E8B649D00FD46BB /* Puppy_LoveUITests.swift in Sources */,
			);
			runOnlyForDeploymentPostprocessing = 0;
		};
/* End PBXSourcesBuildPhase section */

/* Begin PBXTargetDependency section */
		D272D5941E8B649D00FD46BB /* PBXTargetDependency */ = {
			isa = PBXTargetDependency;
			target = D272D57D1E8B649A00FD46BB /* Puppy Love */;
			targetProxy = D272D5931E8B649D00FD46BB /* PBXContainerItemProxy */;
		};
		D272D59F1E8B649D00FD46BB /* PBXTargetDependency */ = {
			isa = PBXTargetDependency;
			target = D272D57D1E8B649A00FD46BB /* Puppy Love */;
			targetProxy = D272D59E1E8B649D00FD46BB /* PBXContainerItemProxy */;
		};
/* End PBXTargetDependency section */

/* Begin PBXVariantGroup section */
		D272D5851E8B649C00FD46BB /* Main.storyboard */ = {
			isa = PBXVariantGroup;
			children = (
				D272D5861E8B649C00FD46BB /* Base */,
			);
			name = Main.storyboard;
			sourceTree = "<group>";
		};
		D272D58A1E8B649C00FD46BB /* LaunchScreen.storyboard */ = {
			isa = PBXVariantGroup;
			children = (
				D272D58B1E8B649C00FD46BB /* Base */,
			);
			name = LaunchScreen.storyboard;
			sourceTree = "<group>";
		};
/* End PBXVariantGroup section */

/* Begin XCBuildConfiguration section */
		D272D5A41E8B649D00FD46BB /* Debug */ = {
			isa = XCBuildConfiguration;
			buildSettings = {
				ALWAYS_SEARCH_USER_PATHS = NO;
				CLANG_ANALYZER_NONNULL = YES;
				CLANG_CXX_LANGUAGE_STANDARD = "gnu++0x";
				CLANG_CXX_LIBRARY = "libc++";
				CLANG_ENABLE_MODULES = YES;
				CLANG_ENABLE_OBJC_ARC = YES;
				CLANG_WARN_BOOL_CONVERSION = YES;
				CLANG_WARN_CONSTANT_CONVERSION = YES;
				CLANG_WARN_DIRECT_OBJC_ISA_USAGE = YES_ERROR;
				CLANG_WARN_DOCUMENTATION_COMMENTS = YES;
				CLANG_WARN_EMPTY_BODY = YES;
				CLANG_WARN_ENUM_CONVERSION = YES;
				CLANG_WARN_INFINITE_RECURSION = YES;
				CLANG_WARN_INT_CONVERSION = YES;
				CLANG_WARN_OBJC_ROOT_CLASS = YES_ERROR;
				CLANG_WARN_SUSPICIOUS_MOVE = YES;
				CLANG_WARN_UNREACHABLE_CODE = YES;
				CLANG_WARN__DUPLICATE_METHOD_MATCH = YES;
				"CODE_SIGN_IDENTITY[sdk=iphoneos*]" = "iPhone Developer";
				COPY_PHASE_STRIP = NO;
				DEBUG_INFORMATION_FORMAT = dwarf;
				ENABLE_STRICT_OBJC_MSGSEND = YES;
				ENABLE_TESTABILITY = YES;
				GCC_C_LANGUAGE_STANDARD = gnu99;
				GCC_DYNAMIC_NO_PIC = NO;
				GCC_NO_COMMON_BLOCKS = YES;
				GCC_OPTIMIZATION_LEVEL = 0;
				GCC_PREPROCESSOR_DEFINITIONS = (
					"DEBUG=1",
					"$(inherited)",
				);
				GCC_WARN_64_TO_32_BIT_CONVERSION = YES;
				GCC_WARN_ABOUT_RETURN_TYPE = YES_ERROR;
				GCC_WARN_UNDECLARED_SELECTOR = YES;
				GCC_WARN_UNINITIALIZED_AUTOS = YES_AGGRESSIVE;
				GCC_WARN_UNUSED_FUNCTION = YES;
				GCC_WARN_UNUSED_VARIABLE = YES;
				IPHONEOS_DEPLOYMENT_TARGET = 10.2;
				MTL_ENABLE_DEBUG_INFO = YES;
				ONLY_ACTIVE_ARCH = YES;
				SDKROOT = iphoneos;
				SWIFT_ACTIVE_COMPILATION_CONDITIONS = DEBUG;
				SWIFT_OPTIMIZATION_LEVEL = "-Onone";
				TARGETED_DEVICE_FAMILY = "1,2";
			};
			name = Debug;
		};
		D272D5A51E8B649D00FD46BB /* Release */ = {
			isa = XCBuildConfiguration;
			buildSettings = {
				ALWAYS_SEARCH_USER_PATHS = NO;
				CLANG_ANALYZER_NONNULL = YES;
				CLANG_CXX_LANGUAGE_STANDARD = "gnu++0x";
				CLANG_CXX_LIBRARY = "libc++";
				CLANG_ENABLE_MODULES = YES;
				CLANG_ENABLE_OBJC_ARC = YES;
				CLANG_WARN_BOOL_CONVERSION = YES;
				CLANG_WARN_CONSTANT_CONVERSION = YES;
				CLANG_WARN_DIRECT_OBJC_ISA_USAGE = YES_ERROR;
				CLANG_WARN_DOCUMENTATION_COMMENTS = YES;
				CLANG_WARN_EMPTY_BODY = YES;
				CLANG_WARN_ENUM_CONVERSION = YES;
				CLANG_WARN_INFINITE_RECURSION = YES;
				CLANG_WARN_INT_CONVERSION = YES;
				CLANG_WARN_OBJC_ROOT_CLASS = YES_ERROR;
				CLANG_WARN_SUSPICIOUS_MOVE = YES;
				CLANG_WARN_UNREACHABLE_CODE = YES;
				CLANG_WARN__DUPLICATE_METHOD_MATCH = YES;
				"CODE_SIGN_IDENTITY[sdk=iphoneos*]" = "iPhone Developer";
				COPY_PHASE_STRIP = NO;
				DEBUG_INFORMATION_FORMAT = "dwarf-with-dsym";
				ENABLE_NS_ASSERTIONS = NO;
				ENABLE_STRICT_OBJC_MSGSEND = YES;
				GCC_C_LANGUAGE_STANDARD = gnu99;
				GCC_NO_COMMON_BLOCKS = YES;
				GCC_WARN_64_TO_32_BIT_CONVERSION = YES;
				GCC_WARN_ABOUT_RETURN_TYPE = YES_ERROR;
				GCC_WARN_UNDECLARED_SELECTOR = YES;
				GCC_WARN_UNINITIALIZED_AUTOS = YES_AGGRESSIVE;
				GCC_WARN_UNUSED_FUNCTION = YES;
				GCC_WARN_UNUSED_VARIABLE = YES;
				IPHONEOS_DEPLOYMENT_TARGET = 10.2;
				MTL_ENABLE_DEBUG_INFO = NO;
				SDKROOT = iphoneos;
				SWIFT_OPTIMIZATION_LEVEL = "-Owholemodule";
				TARGETED_DEVICE_FAMILY = "1,2";
				VALIDATE_PRODUCT = YES;
			};
			name = Release;
		};
		D272D5A71E8B649D00FD46BB /* Debug */ = {
			isa = XCBuildConfiguration;
			buildSettings = {
				ASSETCATALOG_COMPILER_APPICON_NAME = AppIcon;
				DEVELOPMENT_TEAM = 3M534ADJEY;
				INFOPLIST_FILE = "Puppy Love/Info.plist";
				LD_RUNPATH_SEARCH_PATHS = "$(inherited) @executable_path/Frameworks";
				PRODUCT_BUNDLE_IDENTIFIER = "com.semcmurray.Puppy-Love";
				PRODUCT_NAME = "$(TARGET_NAME)";
				SWIFT_VERSION = 3.0;
			};
			name = Debug;
		};
		D272D5A81E8B649D00FD46BB /* Release */ = {
			isa = XCBuildConfiguration;
			buildSettings = {
				ASSETCATALOG_COMPILER_APPICON_NAME = AppIcon;
				DEVELOPMENT_TEAM = 3M534ADJEY;
				INFOPLIST_FILE = "Puppy Love/Info.plist";
				LD_RUNPATH_SEARCH_PATHS = "$(inherited) @executable_path/Frameworks";
				PRODUCT_BUNDLE_IDENTIFIER = "com.semcmurray.Puppy-Love";
				PRODUCT_NAME = "$(TARGET_NAME)";
				SWIFT_VERSION = 3.0;
			};
			name = Release;
		};
		D272D5AA1E8B649D00FD46BB /* Debug */ = {
			isa = XCBuildConfiguration;
			buildSettings = {
				ALWAYS_EMBED_SWIFT_STANDARD_LIBRARIES = YES;
				BUNDLE_LOADER = "$(TEST_HOST)";
				INFOPLIST_FILE = "Puppy LoveTests/Info.plist";
				LD_RUNPATH_SEARCH_PATHS = "$(inherited) @executable_path/Frameworks @loader_path/Frameworks";
				PRODUCT_BUNDLE_IDENTIFIER = "com.semcmurray.Puppy-LoveTests";
				PRODUCT_NAME = "$(TARGET_NAME)";
				SWIFT_VERSION = 3.0;
				TEST_HOST = "$(BUILT_PRODUCTS_DIR)/Puppy Love.app/Puppy Love";
			};
			name = Debug;
		};
		D272D5AB1E8B649D00FD46BB /* Release */ = {
			isa = XCBuildConfiguration;
			buildSettings = {
				ALWAYS_EMBED_SWIFT_STANDARD_LIBRARIES = YES;
				BUNDLE_LOADER = "$(TEST_HOST)";
				INFOPLIST_FILE = "Puppy LoveTests/Info.plist";
				LD_RUNPATH_SEARCH_PATHS = "$(inherited) @executable_path/Frameworks @loader_path/Frameworks";
				PRODUCT_BUNDLE_IDENTIFIER = "com.semcmurray.Puppy-LoveTests";
				PRODUCT_NAME = "$(TARGET_NAME)";
				SWIFT_VERSION = 3.0;
				TEST_HOST = "$(BUILT_PRODUCTS_DIR)/Puppy Love.app/Puppy Love";
			};
			name = Release;
		};
		D272D5AD1E8B649D00FD46BB /* Debug */ = {
			isa = XCBuildConfiguration;
			buildSettings = {
				ALWAYS_EMBED_SWIFT_STANDARD_LIBRARIES = YES;
				INFOPLIST_FILE = "Puppy LoveUITests/Info.plist";
				LD_RUNPATH_SEARCH_PATHS = "$(inherited) @executable_path/Frameworks @loader_path/Frameworks";
				PRODUCT_BUNDLE_IDENTIFIER = "com.semcmurray.Puppy-LoveUITests";
				PRODUCT_NAME = "$(TARGET_NAME)";
				SWIFT_VERSION = 3.0;
				TEST_TARGET_NAME = "Puppy Love";
			};
			name = Debug;
		};
		D272D5AE1E8B649D00FD46BB /* Release */ = {
			isa = XCBuildConfiguration;
			buildSettings = {
				ALWAYS_EMBED_SWIFT_STANDARD_LIBRARIES = YES;
				INFOPLIST_FILE = "Puppy LoveUITests/Info.plist";
				LD_RUNPATH_SEARCH_PATHS = "$(inherited) @executable_path/Frameworks @loader_path/Frameworks";
				PRODUCT_BUNDLE_IDENTIFIER = "com.semcmurray.Puppy-LoveUITests";
				PRODUCT_NAME = "$(TARGET_NAME)";
				SWIFT_VERSION = 3.0;
				TEST_TARGET_NAME = "Puppy Love";
			};
			name = Release;
		};
/* End XCBuildConfiguration section */

/* Begin XCConfigurationList section */
		D272D5791E8B649900FD46BB /* Build configuration list for PBXProject "Puppy Love" */ = {
			isa = XCConfigurationList;
			buildConfigurations = (
				D272D5A41E8B649D00FD46BB /* Debug */,
				D272D5A51E8B649D00FD46BB /* Release */,
			);
			defaultConfigurationIsVisible = 0;
			defaultConfigurationName = Release;
		};
		D272D5A61E8B649D00FD46BB /* Build configuration list for PBXNativeTarget "Puppy Love" */ = {
			isa = XCConfigurationList;
			buildConfigurations = (
				D272D5A71E8B649D00FD46BB /* Debug */,
				D272D5A81E8B649D00FD46BB /* Release */,
			);
			defaultConfigurationIsVisible = 0;
		};
		D272D5A91E8B649D00FD46BB /* Build configuration list for PBXNativeTarget "Puppy LoveTests" */ = {
			isa = XCConfigurationList;
			buildConfigurations = (
				D272D5AA1E8B649D00FD46BB /* Debug */,
				D272D5AB1E8B649D00FD46BB /* Release */,
			);
			defaultConfigurationIsVisible = 0;
		};
		D272D5AC1E8B649D00FD46BB /* Build configuration list for PBXNativeTarget "Puppy LoveUITests" */ = {
			isa = XCConfigurationList;
			buildConfigurations = (
				D272D5AD1E8B649D00FD46BB /* Debug */,
				D272D5AE1E8B649D00FD46BB /* Release */,
			);
			defaultConfigurationIsVisible = 0;
		};
/* End XCConfigurationList section */
	};
	rootObject = D272D5761E8B649900FD46BB /* Project object */;
}
